
Microsoft Visual Studio Solution File, Format Version 12.00
# Visual Studio 15
VisualStudioVersion = 15.0.26124.0
MinimumVisualStudioVersion = 15.0.26124.0
Project("{FAE04EC0-301F-11D3-BF4B-00C04F79EFBC}") = "Wings.Shared", "Wings.Shared\Wings.Shared.csproj", "{FDCC67B8-E439-4E95-8E88-5ED5F164F5CD}"
EndProject
Project("{FAE04EC0-301F-11D3-BF4B-00C04F79EFBC}") = "Wings.Api", "Wings.Api\Wings.Api.csproj", "{CD981666-B14F-4D8F-88B6-11A5B0FD2EBA}"
EndProject
Project("{FAE04EC0-301F-11D3-BF4B-00C04F79EFBC}") = "Wings.Admin", "Wings.Admin\Wings.Admin.csproj", "{26587C89-F1BB-4357-ADD3-37DC8B7DEC4C}"
EndProject
Project("{FAE04EC0-301F-11D3-BF4B-00C04F79EFBC}") = "Wings.Framework.Ui.Bootstrap", "Wings.Framework.Ui.Bootstrap\Wings.Framework.Ui.Bootstrap.csproj", "{9CF73EC4-481E-4318-9C7A-3E545402816F}"
EndProject
Global
	GlobalSection(SolutionConfigurationPlatforms) = preSolution
		Debug|Any CPU = Debug|Any CPU
		Debug|x64 = Debug|x64
		Debug|x86 = Debug|x86
		Release|Any CPU = Release|Any CPU
		Release|x64 = Release|x64
		Release|x86 = Release|x86
	EndGlobalSection
	GlobalSection(SolutionProperties) = preSolution
		HideSolutionNode = FALSE
	EndGlobalSection
	GlobalSection(ProjectConfigurationPlatforms) = postSolution
		{FDCC67B8-E439-4E95-8E88-5ED5F164F5CD}.Debug|Any CPU.ActiveCfg = Debug|Any CPU
		{FDCC67B8-E439-4E95-8E88-5ED5F164F5CD}.Debug|Any CPU.Build.0 = Debug|Any CPU
		{FDCC67B8-E439-4E95-8E88-5ED5F164F5CD}.Debug|x64.ActiveCfg = Debug|Any CPU
		{FDCC67B8-E439-4E95-8E88-5ED5F164F5CD}.Debug|x64.Build.0 = Debug|Any CPU
		{FDCC67B8-E439-4E95-8E88-5ED5F164F5CD}.Debug|x86.ActiveCfg = Debug|Any CPU
		{FDCC67B8-E439-4E95-8E88-5ED5F164F5CD}.Debug|x86.Build.0 = Debug|Any CPU
		{FDCC67B8-E439-4E95-8E88-5ED5F164F5CD}.Release|Any CPU.ActiveCfg = Release|Any CPU
		{FDCC67B8-E439-4E95-8E88-5ED5F164F5CD}.Release|Any CPU.Build.0 = Release|Any CPU
		{FDCC67B8-E439-4E95-8E88-5ED5F164F5CD}.Release|x64.ActiveCfg = Release|Any CPU
		{FDCC67B8-E439-4E95-8E88-5ED5F164F5CD}.Release|x64.Build.0 = Release|Any CPU
		{FDCC67B8-E439-4E95-8E88-5ED5F164F5CD}.Release|x86.ActiveCfg = Release|Any CPU
		{FDCC67B8-E439-4E95-8E88-5ED5F164F5CD}.Release|x86.Build.0 = Release|Any CPU
		{CD981666-B14F-4D8F-88B6-11A5B0FD2EBA}.Debug|Any CPU.ActiveCfg = Debug|Any CPU
		{CD981666-B14F-4D8F-88B6-11A5B0FD2EBA}.Debug|Any CPU.Build.0 = Debug|Any CPU
		{CD981666-B14F-4D8F-88B6-11A5B0FD2EBA}.Debug|x64.ActiveCfg = Debug|Any CPU
		{CD981666-B14F-4D8F-88B6-11A5B0FD2EBA}.Debug|x64.Build.0 = Debug|Any CPU
		{CD981666-B14F-4D8F-88B6-11A5B0FD2EBA}.Debug|x86.ActiveCfg = Debug|Any CPU
		{CD981666-B14F-4D8F-88B6-11A5B0FD2EBA}.Debug|x86.Build.0 = Debug|Any CPU
		{CD981666-B14F-4D8F-88B6-11A5B0FD2EBA}.Release|Any CPU.ActiveCfg = Release|Any CPU
		{CD981666-B14F-4D8F-88B6-11A5B0FD2EBA}.Release|Any CPU.Build.0 = Release|Any CPU
		{CD981666-B14F-4D8F-88B6-11A5B0FD2EBA}.Release|x64.ActiveCfg = Release|Any CPU
		{CD981666-B14F-4D8F-88B6-11A5B0FD2EBA}.Release|x64.Build.0 = Release|Any CPU
		{CD981666-B14F-4D8F-88B6-11A5B0FD2EBA}.Release|x86.ActiveCfg = Release|Any CPU
		{CD981666-B14F-4D8F-88B6-11A5B0FD2EBA}.Release|x86.Build.0 = Release|Any CPU
		{26587C89-F1BB-4357-ADD3-37DC8B7DEC4C}.Debug|Any CPU.ActiveCfg = Debug|Any CPU
		{26587C89-F1BB-4357-ADD3-37DC8B7DEC4C}.Debug|Any CPU.Build.0 = Debug|Any CPU
		{26587C89-F1BB-4357-ADD3-37DC8B7DEC4C}.Debug|x64.ActiveCfg = Debug|Any CPU
		{26587C89-F1BB-4357-ADD3-37DC8B7DEC4C}.Debug|x64.Build.0 = Debug|Any CPU
		{26587C89-F1BB-4357-ADD3-37DC8B7DEC4C}.Debug|x86.ActiveCfg = Debug|Any CPU
		{26587C89-F1BB-4357-ADD3-37DC8B7DEC4C}.Debug|x86.Build.0 = Debug|Any CPU
		{26587C89-F1BB-4357-ADD3-37DC8B7DEC4C}.Release|Any CPU.ActiveCfg = Release|Any CPU
		{26587C89-F1BB-4357-ADD3-37DC8B7DEC4C}.Release|Any CPU.Build.0 = Release|Any CPU
		{26587C89-F1BB-4357-ADD3-37DC8B7DEC4C}.Release|x64.ActiveCfg = Release|Any CPU
		{26587C89-F1BB-4357-ADD3-37DC8B7DEC4C}.Release|x64.Build.0 = Release|Any CPU
		{26587C89-F1BB-4357-ADD3-37DC8B7DEC4C}.Release|x86.ActiveCfg = Release|Any CPU
		{26587C89-F1BB-4357-ADD3-37DC8B7DEC4C}.Release|x86.Build.0 = Release|Any CPU
		{9CF73EC4-481E-4318-9C7A-3E545402816F}.Debug|Any CPU.ActiveCfg = Debug|Any CPU
		{9CF73EC4-481E-4318-9C7A-3E545402816F}.Debug|Any CPU.Build.0 = Debug|Any CPU
		{9CF73EC4-481E-4318-9C7A-3E545402816F}.Debug|x64.ActiveCfg = Debug|Any CPU
		{9CF73EC4-481E-4318-9C7A-3E545402816F}.Debug|x64.Build.0 = Debug|Any CPU
		{9CF73EC4-481E-4318-9C7A-3E545402816F}.Debug|x86.ActiveCfg = Debug|Any CPU
		{9CF73EC4-481E-4318-9C7A-3E545402816F}.Debug|x86.Build.0 = Debug|Any CPU
		{9CF73EC4-481E-4318-9C7A-3E545402816F}.Release|Any CPU.ActiveCfg = Release|Any CPU
		{9CF73EC4-481E-4318-9C7A-3E545402816F}.Release|Any CPU.Build.0 = Release|Any CPU
		{9CF73EC4-481E-4318-9C7A-3E545402816F}.Release|x64.ActiveCfg = Release|Any CPU
		{9CF73EC4-481E-4318-9C7A-3E545402816F}.Release|x64.Build.0 = Release|Any CPU
		{9CF73EC4-481E-4318-9C7A-3E545402816F}.Release|x86.ActiveCfg = Release|Any CPU
		{9CF73EC4-481E-4318-9C7A-3E545402816F}.Release|x86.Build.0 = Release|Any CPU
	EndGlobalSection
EndGlobal
